# THIS IS AN AUTOGENERATED FILE. DO NOT EDIT THIS FILE DIRECTLY.
# yarn lockfile v1


"@better-scroll/core@^2.3.1":
  version "2.3.1"
  resolved "https://mirrors.tencent.com/npm/@better-scroll%2fcore/-/core-2.3.1.tgz#4c29a3b7ea462c659dba0a288a060ddb1a4dde14"
  integrity sha512-X/10f+1Rxxpad4h8NmToVToED3+vRJIAhMaoXDIOUJ6Glq+ruImxpKStuZ663Ceu+yk2j3TtBwHeOBHWtx8rxA==
  dependencies:
    "@better-scroll/shared-utils" "^2.3.1"

"@better-scroll/shared-utils@^2.3.1":
  version "2.3.1"
  resolved "https://mirrors.tencent.com/npm/@better-scroll%2fshared-utils/-/shared-utils-2.3.1.tgz#e863a6ed32aa79d37870dafe26b052827017a88f"
  integrity sha512-w0VjSDAYArTnq1PyDoikdHlOTNrNVgWeYZCej3iVC/JQuhHH/wpROPUFjdF9hz8REF4+ACluX9Y+fMYy5do5vA==

"@tencent/wemeet-better-scroll-mouse-wheel@^1.0.0-beta.0":
  version "1.0.0-beta.0"
  resolved "https://mirrors.tencent.com/npm/@tencent/wemeet-better-scroll-mouse-wheel/-/@tencent/wemeet-better-scroll-mouse-wheel-1.0.0-beta.0.tgz#94b0b0a0cd57954c958cdf86dbbeb0d6104afe25"
  integrity sha512-mOiF6bkY31gnhfBb92RdPj2nx46NEy5qbfXgGiig44wsRqyfThONb9YemY5CT7Xz9ymKtROuJcejAxJUbPmyAQ==
  dependencies:
    "@better-scroll/core" "^2.3.1"
